// !$*UTF8*$!
{
	archiveVersion = 1;
	classes = {
	};
	objectVersion = 55;
	objects = {

/* Begin PBXBuildFile section */
		0A4CCBE78F9513741883262A /* Pods_EasyvisitTests.framework in Frameworks */ = {isa = PBXBuildFile; fileRef = 95FA8C7FD707DCDCE155628E /* Pods_EasyvisitTests.framework */; };
		299A8F99F5EAB59DAB50841F /* Pods_Easyvisit.framework in Frameworks */ = {isa = PBXBuildFile; fileRef = A3F6E3807968D8F0EC378B14 /* Pods_Easyvisit.framework */; };
		660B6E5E299CD151346474F2 /* Pods_Easyvisit_EasyvisitUITests.framework in Frameworks */ = {isa = PBXBuildFile; fileRef = C1D289A9774149A2FA69E98F /* Pods_Easyvisit_EasyvisitUITests.framework */; };
		7E2897BE281391D70089BEB1 /* ChildOneViewController.swift in Sources */ = {isa = PBXBuildFile; fileRef = 7E2897BD281391D70089BEB1 /* ChildOneViewController.swift */; };
		7E2897C0281391E60089BEB1 /* ChildTwoViewController.swift in Sources */ = {isa = PBXBuildFile; fileRef = 7E2897BF281391E60089BEB1 /* ChildTwoViewController.swift */; };
		7E2897C42813AD3D0089BEB1 /* DoctorCollectionViewCell.swift in Sources */ = {isa = PBXBuildFile; fileRef = 7E2897C32813AD3D0089BEB1 /* DoctorCollectionViewCell.swift */; };
		7E2897C62813B1E90089BEB1 /* FriendCollectionViewCell.swift in Sources */ = {isa = PBXBuildFile; fileRef = 7E2897C52813B1E90089BEB1 /* FriendCollectionViewCell.swift */; };
		7E337A8F281184BB00309F69 /* AppDelegate.swift in Sources */ = {isa = PBXBuildFile; fileRef = 7E337A8E281184BB00309F69 /* AppDelegate.swift */; };
		7E337A91281184BB00309F69 /* SceneDelegate.swift in Sources */ = {isa = PBXBuildFile; fileRef = 7E337A90281184BB00309F69 /* SceneDelegate.swift */; };
		7E337A96281184BB00309F69 /* Main.storyboard in Resources */ = {isa = PBXBuildFile; fileRef = 7E337A94281184BB00309F69 /* Main.storyboard */; };
		7E337A98281184BD00309F69 /* Assets.xcassets in Resources */ = {isa = PBXBuildFile; fileRef = 7E337A97281184BD00309F69 /* Assets.xcassets */; };
		7E337A9B281184BD00309F69 /* LaunchScreen.storyboard in Resources */ = {isa = PBXBuildFile; fileRef = 7E337A99281184BD00309F69 /* LaunchScreen.storyboard */; };
		7E337AA6281184BE00309F69 /* EasyvisitTests.swift in Sources */ = {isa = PBXBuildFile; fileRef = 7E337AA5281184BE00309F69 /* EasyvisitTests.swift */; };
		7E337AB0281184BE00309F69 /* EasyvisitUITests.swift in Sources */ = {isa = PBXBuildFile; fileRef = 7E337AAF281184BE00309F69 /* EasyvisitUITests.swift */; };
		7E337AB2281184BE00309F69 /* EasyvisitUITestsLaunchTests.swift in Sources */ = {isa = PBXBuildFile; fileRef = 7E337AB1281184BE00309F69 /* EasyvisitUITestsLaunchTests.swift */; };
		7E337AC52811862500309F69 /* TabBarController.swift in Sources */ = {isa = PBXBuildFile; fileRef = 7E337AC42811862500309F69 /* TabBarController.swift */; };
		7E337ACB281186E600309F69 /* FirstTabViewController.swift in Sources */ = {isa = PBXBuildFile; fileRef = 7E337ACA281186E600309F69 /* FirstTabViewController.swift */; };
		7E337ACD281186F500309F69 /* ReturnVisitViewController.swift in Sources */ = {isa = PBXBuildFile; fileRef = 7E337ACC281186F500309F69 /* ReturnVisitViewController.swift */; };
		7E337ACF281186FC00309F69 /* MineViewController.swift in Sources */ = {isa = PBXBuildFile; fileRef = 7E337ACE281186FC00309F69 /* MineViewController.swift */; };
		7E337AD32811879400309F69 /* Int + Fit.swift in Sources */ = {isa = PBXBuildFile; fileRef = 7E337AD22811879400309F69 /* Int + Fit.swift */; };
		7E337AD5281187B700309F69 /* UITabBarExtension.swift in Sources */ = {isa = PBXBuildFile; fileRef = 7E337AD4281187B700309F69 /* UITabBarExtension.swift */; };
		7E337AD7281187CC00309F69 /* Constant.swift in Sources */ = {isa = PBXBuildFile; fileRef = 7E337AD6281187CC00309F69 /* Constant.swift */; };
		A10EEC57281928EF00309001 /* SelfViewController.swift in Sources */ = {isa = PBXBuildFile; fileRef = A10EEC54281928EF00309001 /* SelfViewController.swift */; };
		A10EEC58281928EF00309001 /* RecordViewController.swift in Sources */ = {isa = PBXBuildFile; fileRef = A10EEC55281928EF00309001 /* RecordViewController.swift */; };
		A10EEC59281928EF00309001 /* CaseViewController.swift in Sources */ = {isa = PBXBuildFile; fileRef = A10EEC56281928EF00309001 /* CaseViewController.swift */; };
		A10EEC5E2819290900309001 /* CaseCollectionViewCell.swift in Sources */ = {isa = PBXBuildFile; fileRef = A10EEC5A2819290900309001 /* CaseCollectionViewCell.swift */; };
		A10EEC602819290900309001 /* RecordTableViewCell.swift in Sources */ = {isa = PBXBuildFile; fileRef = A10EEC5C2819290900309001 /* RecordTableViewCell.swift */; };
		A10EEC612819290900309001 /* SelfCollectionViewCell.swift in Sources */ = {isa = PBXBuildFile; fileRef = A10EEC5D2819290900309001 /* SelfCollectionViewCell.swift */; };
		A10EEC652819291400309001 /* record.json in Resources */ = {isa = PBXBuildFile; fileRef = A10EEC622819291400309001 /* record.json */; };
		A10EEC662819291400309001 /* case.json in Resources */ = {isa = PBXBuildFile; fileRef = A10EEC632819291400309001 /* case.json */; };
		A10EEC672819291400309001 /* department.json in Resources */ = {isa = PBXBuildFile; fileRef = A10EEC642819291400309001 /* department.json */; };
		A10EEC6A2819291E00309001 /* Department.swift in Sources */ = {isa = PBXBuildFile; fileRef = A10EEC682819291D00309001 /* Department.swift */; };
		A10EEC6B2819291E00309001 /* Case.swift in Sources */ = {isa = PBXBuildFile; fileRef = A10EEC692819291D00309001 /* Case.swift */; };
		A10EEC7C28192E1800309001 /* index.json in Resources */ = {isa = PBXBuildFile; fileRef = A10EEC7B28192E1800309001 /* index.json */; };
		A10EEC7E28192E2000309001 /* Index.swift in Sources */ = {isa = PBXBuildFile; fileRef = A10EEC7D28192E1F00309001 /* Index.swift */; };
		A10EEC8328192E4C00309001 /* HistoryTopCollectionViewCell.swift in Sources */ = {isa = PBXBuildFile; fileRef = A10EEC7F28192E4C00309001 /* HistoryTopCollectionViewCell.swift */; };
		A10EEC8428192E4C00309001 /* WhiteView.swift in Sources */ = {isa = PBXBuildFile; fileRef = A10EEC8028192E4C00309001 /* WhiteView.swift */; };
		A10EEC8528192E4C00309001 /* HistoryCollectionViewCell.swift in Sources */ = {isa = PBXBuildFile; fileRef = A10EEC8128192E4C00309001 /* HistoryCollectionViewCell.swift */; };
		A175F2A528156FF900DAB143 /* SearchView.swift in Sources */ = {isa = PBXBuildFile; fileRef = A175F29F28156FF900DAB143 /* SearchView.swift */; };
		A175F2A628156FF900DAB143 /* FirstCollectionViewCell.swift in Sources */ = {isa = PBXBuildFile; fileRef = A175F2A028156FF900DAB143 /* FirstCollectionViewCell.swift */; };
		A175F2A728156FF900DAB143 /* NoticeCollectionViewCell.swift in Sources */ = {isa = PBXBuildFile; fileRef = A175F2A128156FF900DAB143 /* NoticeCollectionViewCell.swift */; };
		A175F2A828156FF900DAB143 /* NoticeView.swift in Sources */ = {isa = PBXBuildFile; fileRef = A175F2A228156FF900DAB143 /* NoticeView.swift */; };
		A175F2A928156FF900DAB143 /* DateView.swift in Sources */ = {isa = PBXBuildFile; fileRef = A175F2A328156FF900DAB143 /* DateView.swift */; };
		A175F2AA28156FF900DAB143 /* DateCollectionViewCell.swift in Sources */ = {isa = PBXBuildFile; fileRef = A175F2A428156FF900DAB143 /* DateCollectionViewCell.swift */; };
		A175F2B12815702100DAB143 /* OtherCollectionViewCell.swift in Sources */ = {isa = PBXBuildFile; fileRef = A175F2AC2815702100DAB143 /* OtherCollectionViewCell.swift */; };
		A175F2B22815702100DAB143 /* MoodCellCollectionViewCell.swift in Sources */ = {isa = PBXBuildFile; fileRef = A175F2AE2815702100DAB143 /* MoodCellCollectionViewCell.swift */; };
		A175F2B32815702100DAB143 /* MoodCollectionViewCell.swift in Sources */ = {isa = PBXBuildFile; fileRef = A175F2AF2815702100DAB143 /* MoodCollectionViewCell.swift */; };
		A175F2B42815702100DAB143 /* TopView.swift in Sources */ = {isa = PBXBuildFile; fileRef = A175F2B02815702100DAB143 /* TopView.swift */; };
		A175F2B82815702C00DAB143 /* AddDiaryCollectionViewCell.swift in Sources */ = {isa = PBXBuildFile; fileRef = A175F2B52815702C00DAB143 /* AddDiaryCollectionViewCell.swift */; };
		A175F2B92815702C00DAB143 /* AddDiaryViewController.swift in Sources */ = {isa = PBXBuildFile; fileRef = A175F2B62815702C00DAB143 /* AddDiaryViewController.swift */; };
		A175F2BE281574FA00DAB143 /* CurveViewController.swift in Sources */ = {isa = PBXBuildFile; fileRef = A175F2BB281574FA00DAB143 /* CurveViewController.swift */; };
		A175F2BF281574FA00DAB143 /* MedicineViewController.swift in Sources */ = {isa = PBXBuildFile; fileRef = A175F2BC281574FA00DAB143 /* MedicineViewController.swift */; };
		A175F2C0281574FA00DAB143 /* CommiteViewController.swift in Sources */ = {isa = PBXBuildFile; fileRef = A175F2BD281574FA00DAB143 /* CommiteViewController.swift */; };
		A175F2C32815750300DAB143 /* CommitCollectionViewCell.swift in Sources */ = {isa = PBXBuildFile; fileRef = A175F2C12815750300DAB143 /* CommitCollectionViewCell.swift */; };
		A175F2C42815750300DAB143 /* CurveCollectionViewCell.swift in Sources */ = {isa = PBXBuildFile; fileRef = A175F2C22815750300DAB143 /* CurveCollectionViewCell.swift */; };
		A175F2C62815753200DAB143 /* MedicineCollectionViewCell.swift in Sources */ = {isa = PBXBuildFile; fileRef = A175F2C52815753200DAB143 /* MedicineCollectionViewCell.swift */; };
		A183A50A2819607300097B06 /* friend.json in Resources */ = {isa = PBXBuildFile; fileRef = A183A5082819607300097B06 /* friend.json */; };
		A183A50F2819608100097B06 /* friend.swift in Sources */ = {isa = PBXBuildFile; fileRef = A183A50D2819608000097B06 /* friend.swift */; };
		A183A511281960A300097B06 /* BlueView.swift in Sources */ = {isa = PBXBuildFile; fileRef = A183A510281960A300097B06 /* BlueView.swift */; };
		A1854803281ADAED00326FBC /* MoodCurveViewController.swift in Sources */ = {isa = PBXBuildFile; fileRef = A1854802281ADAED00326FBC /* MoodCurveViewController.swift */; };
		A1854805281ADB0800326FBC /* BlueCirView.swift in Sources */ = {isa = PBXBuildFile; fileRef = A1854804281ADB0800326FBC /* BlueCirView.swift */; };
		A1854807281ADB1100326FBC /* MoodCurve.swift in Sources */ = {isa = PBXBuildFile; fileRef = A1854806281ADB1100326FBC /* MoodCurve.swift */; };
		A1854809281ADB1F00326FBC /* posNegClassify 1.mlmodel in Sources */ = {isa = PBXBuildFile; fileRef = A1854808281ADB1E00326FBC /* posNegClassify 1.mlmodel */; };
		A185480B281ADB8A00326FBC /* moodCurve.json in Resources */ = {isa = PBXBuildFile; fileRef = A185480A281ADB8900326FBC /* moodCurve.json */; };
		A18CF2C9281B585800455B6B /* EditDiaryViewController.swift in Sources */ = {isa = PBXBuildFile; fileRef = A18CF2C8281B585800455B6B /* EditDiaryViewController.swift */; };
		A18CF2CB281B6D5300455B6B /* diaryCache.swift in Sources */ = {isa = PBXBuildFile; fileRef = A18CF2CA281B6D5300455B6B /* diaryCache.swift */; };
		A1C629AA28196FCC0050211A /* news.json in Resources */ = {isa = PBXBuildFile; fileRef = A1C629A928196FCC0050211A /* news.json */; };
		A1C629AC28196FD50050211A /* news.swift in Sources */ = {isa = PBXBuildFile; fileRef = A1C629AB28196FD50050211A /* news.swift */; };
		A1C629AE28196FE50050211A /* NewsViewController.swift in Sources */ = {isa = PBXBuildFile; fileRef = A1C629AD28196FE50050211A /* NewsViewController.swift */; };
		A1CBF8472816D10000E4ED0C /* doctor.json in Resources */ = {isa = PBXBuildFile; fileRef = A1CBF8462816D10000E4ED0C /* doctor.json */; };
		A1CBF8492816D10700E4ED0C /* Doctor.swift in Sources */ = {isa = PBXBuildFile; fileRef = A1CBF8482816D10700E4ED0C /* Doctor.swift */; };
		A1CBF8502816D12F00E4ED0C /* diary.json in Resources */ = {isa = PBXBuildFile; fileRef = A1CBF84C2816D12F00E4ED0C /* diary.json */; };
		A1CBF8512816D12F00E4ED0C /* diaryjson.swift in Sources */ = {isa = PBXBuildFile; fileRef = A1CBF84D2816D12F00E4ED0C /* diaryjson.swift */; };
		A1CBF8522816D12F00E4ED0C /* Diary.swift in Sources */ = {isa = PBXBuildFile; fileRef = A1CBF84F2816D12F00E4ED0C /* Diary.swift */; };
		A1CBF8552816D13B00E4ED0C /* NoteCollectionViewCell.swift in Sources */ = {isa = PBXBuildFile; fileRef = A1CBF8532816D13B00E4ED0C /* NoteCollectionViewCell.swift */; };
		A1CBF8562816D13B00E4ED0C /* BottomView.swift in Sources */ = {isa = PBXBuildFile; fileRef = A1CBF8542816D13B00E4ED0C /* BottomView.swift */; };
		A1CBF8582816D14200E4ED0C /* MIneDiaryCollectionViewCell.swift in Sources */ = {isa = PBXBuildFile; fileRef = A1CBF8572816D14200E4ED0C /* MIneDiaryCollectionViewCell.swift */; };
		A1CBF85C2816D15800E4ED0C /* Medicine.swift in Sources */ = {isa = PBXBuildFile; fileRef = A1CBF85A2816D15800E4ED0C /* Medicine.swift */; };
		A1CBF85D2816D15800E4ED0C /* Commit.swift in Sources */ = {isa = PBXBuildFile; fileRef = A1CBF85B2816D15800E4ED0C /* Commit.swift */; };
		A1CBF8602816D16D00E4ED0C /* commit.json in Resources */ = {isa = PBXBuildFile; fileRef = A1CBF85E2816D16D00E4ED0C /* commit.json */; };
		A1CBF8612816D16D00E4ED0C /* medicine.json in Resources */ = {isa = PBXBuildFile; fileRef = A1CBF85F2816D16D00E4ED0C /* medicine.json */; };
		A1CBF8632816D17600E4ED0C /* ChartViewController.swift in Sources */ = {isa = PBXBuildFile; fileRef = A1CBF8622816D17600E4ED0C /* ChartViewController.swift */; };
		A1CBF8652816D23200E4ED0C /* CaseViewController_2.swift in Sources */ = {isa = PBXBuildFile; fileRef = A1CBF8642816D23200E4ED0C /* CaseViewController_2.swift */; };
		A1DD08E328140E4D00684CF3 /* ChatroomViewController.swift in Sources */ = {isa = PBXBuildFile; fileRef = A1DD08DC28140E4C00684CF3 /* ChatroomViewController.swift */; };
		A1DD08E428140E4D00684CF3 /* ChatMessageCell.swift in Sources */ = {isa = PBXBuildFile; fileRef = A1DD08DE28140E4C00684CF3 /* ChatMessageCell.swift */; };
		A1DD08E528140E4D00684CF3 /* ChatMessage.swift in Sources */ = {isa = PBXBuildFile; fileRef = A1DD08E028140E4C00684CF3 /* ChatMessage.swift */; };
		A1DD08E628140E4D00684CF3 /* ChatBoxView.swift in Sources */ = {isa = PBXBuildFile; fileRef = A1DD08E228140E4C00684CF3 /* ChatBoxView.swift */; };
		A1DD08ED2814484500684CF3 /* BubbleView.swift in Sources */ = {isa = PBXBuildFile; fileRef = A1DD08EC2814484500684CF3 /* BubbleView.swift */; };
		A1EFB885281AC05000C64B25 /* ChatHistory.swift in Sources */ = {isa = PBXBuildFile; fileRef = A1EFB881281AC05000C64B25 /* ChatHistory.swift */; };
		A1EFB886281AC05000C64B25 /* time.swift in Sources */ = {isa = PBXBuildFile; fileRef = A1EFB882281AC05000C64B25 /* time.swift */; };
		A1EFB887281AC05000C64B25 /* sqlite.swift in Sources */ = {isa = PBXBuildFile; fileRef = A1EFB884281AC05000C64B25 /* sqlite.swift */; };
/* End PBXBuildFile section */

/* Begin PBXContainerItemProxy section */
		7E337AA2281184BE00309F69 /* PBXContainerItemProxy */ = {
			isa = PBXContainerItemProxy;
			containerPortal = 7E337A83281184BB00309F69 /* Project object */;
			proxyType = 1;
			remoteGlobalIDString = 7E337A8A281184BB00309F69;
			remoteInfo = Easyvisit;
		};
		7E337AAC281184BE00309F69 /* PBXContainerItemProxy */ = {
			isa = PBXContainerItemProxy;
			containerPortal = 7E337A83281184BB00309F69 /* Project object */;
			proxyType = 1;
			remoteGlobalIDString = 7E337A8A281184BB00309F69;
			remoteInfo = Easyvisit;
		};
/* End PBXContainerItemProxy section */

/* Begin PBXFileReference section */
		2A65E2BB7B77EDA3EA04C3AA /* Pods-EasyvisitTests.debug.xcconfig */ = {isa = PBXFileReference; includeInIndex = 1; lastKnownFileType = text.xcconfig; name = "Pods-EasyvisitTests.debug.xcconfig"; path = "Target Support Files/Pods-EasyvisitTests/Pods-EasyvisitTests.debug.xcconfig"; sourceTree = "<group>"; };
		2C3C92B8CD4A2B027C4E60BC /* Pods-Easyvisit.release.xcconfig */ = {isa = PBXFileReference; includeInIndex = 1; lastKnownFileType = text.xcconfig; name = "Pods-Easyvisit.release.xcconfig"; path = "Target Support Files/Pods-Easyvisit/Pods-Easyvisit.release.xcconfig"; sourceTree = "<group>"; };
		2E3F86A04251ECA97298544C /* Pods-Easyvisit.debug.xcconfig */ = {isa = PBXFileReference; includeInIndex = 1; lastKnownFileType = text.xcconfig; name = "Pods-Easyvisit.debug.xcconfig"; path = "Target Support Files/Pods-Easyvisit/Pods-Easyvisit.debug.xcconfig"; sourceTree = "<group>"; };
		5384D9F229F985BAA9DB7E77 /* Pods-Easyvisit-EasyvisitUITests.debug.xcconfig */ = {isa = PBXFileReference; includeInIndex = 1; lastKnownFileType = text.xcconfig; name = "Pods-Easyvisit-EasyvisitUITests.debug.xcconfig"; path = "Target Support Files/Pods-Easyvisit-EasyvisitUITests/Pods-Easyvisit-EasyvisitUITests.debug.xcconfig"; sourceTree = "<group>"; };
		55802D81CE51ECA69158EC94 /* Pods-EasyvisitTests.release.xcconfig */ = {isa = PBXFileReference; includeInIndex = 1; lastKnownFileType = text.xcconfig; name = "Pods-EasyvisitTests.release.xcconfig"; path = "Target Support Files/Pods-EasyvisitTests/Pods-EasyvisitTests.release.xcconfig"; sourceTree = "<group>"; };
		7E2897BD281391D70089BEB1 /* ChildOneViewController.swift */ = {isa = PBXFileReference; lastKnownFileType = sourcecode.swift; path = ChildOneViewController.swift; sourceTree = "<group>"; };
		7E2897BF281391E60089BEB1 /* ChildTwoViewController.swift */ = {isa = PBXFileReference; lastKnownFileType = sourcecode.swift; path = ChildTwoViewController.swift; sourceTree = "<group>"; };
		7E2897C32813AD3D0089BEB1 /* DoctorCollectionViewCell.swift */ = {isa = PBXFileReference; lastKnownFileType = sourcecode.swift; path = DoctorCollectionViewCell.swift; sourceTree = "<group>"; };
		7E2897C52813B1E90089BEB1 /* FriendCollectionViewCell.swift */ = {isa = PBXFileReference; lastKnownFileType = sourcecode.swift; path = FriendCollectionViewCell.swift; sourceTree = "<group>"; };
		7E337A8B281184BB00309F69 /* Easyvisit.app */ = {isa = PBXFileReference; explicitFileType = wrapper.application; includeInIndex = 0; path = Easyvisit.app; sourceTree = BUILT_PRODUCTS_DIR; };
		7E337A8E281184BB00309F69 /* AppDelegate.swift */ = {isa = PBXFileReference; lastKnownFileType = sourcecode.swift; path = AppDelegate.swift; sourceTree = "<group>"; };
		7E337A90281184BB00309F69 /* SceneDelegate.swift */ = {isa = PBXFileReference; lastKnownFileType = sourcecode.swift; path = SceneDelegate.swift; sourceTree = "<group>"; };
		7E337A95281184BB00309F69 /* Base */ = {isa = PBXFileReference; lastKnownFileType = file.storyboard; name = Base; path = Base.lproj/Main.storyboard; sourceTree = "<group>"; };
		7E337A97281184BD00309F69 /* Assets.xcassets */ = {isa = PBXFileReference; lastKnownFileType = folder.assetcatalog; path = Assets.xcassets; sourceTree = "<group>"; };
		7E337A9A281184BD00309F69 /* Base */ = {isa = PBXFileReference; lastKnownFileType = file.storyboard; name = Base; path = Base.lproj/LaunchScreen.storyboard; sourceTree = "<group>"; };
		7E337A9C281184BD00309F69 /* Info.plist */ = {isa = PBXFileReference; lastKnownFileType = text.plist.xml; path = Info.plist; sourceTree = "<group>"; };
		7E337AA1281184BE00309F69 /* EasyvisitTests.xctest */ = {isa = PBXFileReference; explicitFileType = wrapper.cfbundle; includeInIndex = 0; path = EasyvisitTests.xctest; sourceTree = BUILT_PRODUCTS_DIR; };
		7E337AA5281184BE00309F69 /* EasyvisitTests.swift */ = {isa = PBXFileReference; lastKnownFileType = sourcecode.swift; path = EasyvisitTests.swift; sourceTree = "<group>"; };
		7E337AAB281184BE00309F69 /* EasyvisitUITests.xctest */ = {isa = PBXFileReference; explicitFileType = wrapper.cfbundle; includeInIndex = 0; path = EasyvisitUITests.xctest; sourceTree = BUILT_PRODUCTS_DIR; };
		7E337AAF281184BE00309F69 /* EasyvisitUITests.swift */ = {isa = PBXFileReference; lastKnownFileType = sourcecode.swift; path = EasyvisitUITests.swift; sourceTree = "<group>"; };
		7E337AB1281184BE00309F69 /* EasyvisitUITestsLaunchTests.swift */ = {isa = PBXFileReference; lastKnownFileType = sourcecode.swift; path = EasyvisitUITestsLaunchTests.swift; sourceTree = "<group>"; };
		7E337AC42811862500309F69 /* TabBarController.swift */ = {isa = PBXFileReference; lastKnownFileType = sourcecode.swift; path = TabBarController.swift; sourceTree = "<group>"; };
		7E337ACA281186E600309F69 /* FirstTabViewController.swift */ = {isa = PBXFileReference; lastKnownFileType = sourcecode.swift; path = FirstTabViewController.swift; sourceTree = "<group>"; };
		7E337ACC281186F500309F69 /* ReturnVisitViewController.swift */ = {isa = PBXFileReference; lastKnownFileType = sourcecode.swift; path = ReturnVisitViewController.swift; sourceTree = "<group>"; };
		7E337ACE281186FC00309F69 /* MineViewController.swift */ = {isa = PBXFileReference; lastKnownFileType = sourcecode.swift; path = MineViewController.swift; sourceTree = "<group>"; };
		7E337AD22811879400309F69 /* Int + Fit.swift */ = {isa = PBXFileReference; lastKnownFileType = sourcecode.swift; path = "Int + Fit.swift"; sourceTree = "<group>"; };
		7E337AD4281187B700309F69 /* UITabBarExtension.swift */ = {isa = PBXFileReference; lastKnownFileType = sourcecode.swift; path = UITabBarExtension.swift; sourceTree = "<group>"; };
		7E337AD6281187CC00309F69 /* Constant.swift */ = {isa = PBXFileReference; lastKnownFileType = sourcecode.swift; path = Constant.swift; sourceTree = "<group>"; };
		95FA8C7FD707DCDCE155628E /* Pods_EasyvisitTests.framework */ = {isa = PBXFileReference; explicitFileType = wrapper.framework; includeInIndex = 0; path = Pods_EasyvisitTests.framework; sourceTree = BUILT_PRODUCTS_DIR; };
		A10EEC54281928EF00309001 /* SelfViewController.swift */ = {isa = PBXFileReference; fileEncoding = 4; lastKnownFileType = sourcecode.swift; path = SelfViewController.swift; sourceTree = "<group>"; };
		A10EEC55281928EF00309001 /* RecordViewController.swift */ = {isa = PBXFileReference; fileEncoding = 4; lastKnownFileType = sourcecode.swift; path = RecordViewController.swift; sourceTree = "<group>"; };
		A10EEC56281928EF00309001 /* CaseViewController.swift */ = {isa = PBXFileReference; fileEncoding = 4; lastKnownFileType = sourcecode.swift; path = CaseViewController.swift; sourceTree = "<group>"; };
		A10EEC5A2819290900309001 /* CaseCollectionViewCell.swift */ = {isa = PBXFileReference; fileEncoding = 4; lastKnownFileType = sourcecode.swift; path = CaseCollectionViewCell.swift; sourceTree = "<group>"; };
		A10EEC5C2819290900309001 /* RecordTableViewCell.swift */ = {isa = PBXFileReference; fileEncoding = 4; lastKnownFileType = sourcecode.swift; path = RecordTableViewCell.swift; sourceTree = "<group>"; };
		A10EEC5D2819290900309001 /* SelfCollectionViewCell.swift */ = {isa = PBXFileReference; fileEncoding = 4; lastKnownFileType = sourcecode.swift; path = SelfCollectionViewCell.swift; sourceTree = "<group>"; };
		A10EEC622819291400309001 /* record.json */ = {isa = PBXFileReference; fileEncoding = 4; lastKnownFileType = text.json; path = record.json; sourceTree = "<group>"; };
		A10EEC632819291400309001 /* case.json */ = {isa = PBXFileReference; fileEncoding = 4; lastKnownFileType = text.json; path = case.json; sourceTree = "<group>"; };
		A10EEC642819291400309001 /* department.json */ = {isa = PBXFileReference; fileEncoding = 4; lastKnownFileType = text.json; path = department.json; sourceTree = "<group>"; };
		A10EEC682819291D00309001 /* Department.swift */ = {isa = PBXFileReference; fileEncoding = 4; lastKnownFileType = sourcecode.swift; path = Department.swift; sourceTree = "<group>"; };
		A10EEC692819291D00309001 /* Case.swift */ = {isa = PBXFileReference; fileEncoding = 4; lastKnownFileType = sourcecode.swift; path = Case.swift; sourceTree = "<group>"; };
		A10EEC7B28192E1800309001 /* index.json */ = {isa = PBXFileReference; fileEncoding = 4; lastKnownFileType = text.json; path = index.json; sourceTree = "<group>"; };
		A10EEC7D28192E1F00309001 /* Index.swift */ = {isa = PBXFileReference; fileEncoding = 4; lastKnownFileType = sourcecode.swift; path = Index.swift; sourceTree = "<group>"; };
		A10EEC7F28192E4C00309001 /* HistoryTopCollectionViewCell.swift */ = {isa = PBXFileReference; fileEncoding = 4; lastKnownFileType = sourcecode.swift; path = HistoryTopCollectionViewCell.swift; sourceTree = "<group>"; };
		A10EEC8028192E4C00309001 /* WhiteView.swift */ = {isa = PBXFileReference; fileEncoding = 4; lastKnownFileType = sourcecode.swift; path = WhiteView.swift; sourceTree = "<group>"; };
		A10EEC8128192E4C00309001 /* HistoryCollectionViewCell.swift */ = {isa = PBXFileReference; fileEncoding = 4; lastKnownFileType = sourcecode.swift; path = HistoryCollectionViewCell.swift; sourceTree = "<group>"; };
		A175F29F28156FF900DAB143 /* SearchView.swift */ = {isa = PBXFileReference; fileEncoding = 4; lastKnownFileType = sourcecode.swift; path = SearchView.swift; sourceTree = "<group>"; };
		A175F2A028156FF900DAB143 /* FirstCollectionViewCell.swift */ = {isa = PBXFileReference; fileEncoding = 4; lastKnownFileType = sourcecode.swift; path = FirstCollectionViewCell.swift; sourceTree = "<group>"; };
		A175F2A128156FF900DAB143 /* NoticeCollectionViewCell.swift */ = {isa = PBXFileReference; fileEncoding = 4; lastKnownFileType = sourcecode.swift; path = NoticeCollectionViewCell.swift; sourceTree = "<group>"; };
		A175F2A228156FF900DAB143 /* NoticeView.swift */ = {isa = PBXFileReference; fileEncoding = 4; lastKnownFileType = sourcecode.swift; path = NoticeView.swift; sourceTree = "<group>"; };
		A175F2A328156FF900DAB143 /* DateView.swift */ = {isa = PBXFileReference; fileEncoding = 4; lastKnownFileType = sourcecode.swift; path = DateView.swift; sourceTree = "<group>"; };
		A175F2A428156FF900DAB143 /* DateCollectionViewCell.swift */ = {isa = PBXFileReference; fileEncoding = 4; lastKnownFileType = sourcecode.swift; path = DateCollectionViewCell.swift; sourceTree = "<group>"; };
		A175F2AC2815702100DAB143 /* OtherCollectionViewCell.swift */ = {isa = PBXFileReference; fileEncoding = 4; lastKnownFileType = sourcecode.swift; path = OtherCollectionViewCell.swift; sourceTree = "<group>"; };
		A175F2AE2815702100DAB143 /* MoodCellCollectionViewCell.swift */ = {isa = PBXFileReference; fileEncoding = 4; lastKnownFileType = sourcecode.swift; path = MoodCellCollectionViewCell.swift; sourceTree = "<group>"; };
		A175F2AF2815702100DAB143 /* MoodCollectionViewCell.swift */ = {isa = PBXFileReference; fileEncoding = 4; lastKnownFileType = sourcecode.swift; path = MoodCollectionViewCell.swift; sourceTree = "<group>"; };
		A175F2B02815702100DAB143 /* TopView.swift */ = {isa = PBXFileReference; fileEncoding = 4; lastKnownFileType = sourcecode.swift; path = TopView.swift; sourceTree = "<group>"; };
		A175F2B52815702C00DAB143 /* AddDiaryCollectionViewCell.swift */ = {isa = PBXFileReference; fileEncoding = 4; lastKnownFileType = sourcecode.swift; path = AddDiaryCollectionViewCell.swift; sourceTree = "<group>"; };
		A175F2B62815702C00DAB143 /* AddDiaryViewController.swift */ = {isa = PBXFileReference; fileEncoding = 4; lastKnownFileType = sourcecode.swift; path = AddDiaryViewController.swift; sourceTree = "<group>"; };
		A175F2BB281574FA00DAB143 /* CurveViewController.swift */ = {isa = PBXFileReference; fileEncoding = 4; lastKnownFileType = sourcecode.swift; path = CurveViewController.swift; sourceTree = "<group>"; };
		A175F2BC281574FA00DAB143 /* MedicineViewController.swift */ = {isa = PBXFileReference; fileEncoding = 4; lastKnownFileType = sourcecode.swift; path = MedicineViewController.swift; sourceTree = "<group>"; };
		A175F2BD281574FA00DAB143 /* CommiteViewController.swift */ = {isa = PBXFileReference; fileEncoding = 4; lastKnownFileType = sourcecode.swift; path = CommiteViewController.swift; sourceTree = "<group>"; };
		A175F2C12815750300DAB143 /* CommitCollectionViewCell.swift */ = {isa = PBXFileReference; fileEncoding = 4; lastKnownFileType = sourcecode.swift; path = CommitCollectionViewCell.swift; sourceTree = "<group>"; };
		A175F2C22815750300DAB143 /* CurveCollectionViewCell.swift */ = {isa = PBXFileReference; fileEncoding = 4; lastKnownFileType = sourcecode.swift; path = CurveCollectionViewCell.swift; sourceTree = "<group>"; };
		A175F2C52815753200DAB143 /* MedicineCollectionViewCell.swift */ = {isa = PBXFileReference; fileEncoding = 4; lastKnownFileType = sourcecode.swift; path = MedicineCollectionViewCell.swift; sourceTree = "<group>"; };
		A183A5082819607300097B06 /* friend.json */ = {isa = PBXFileReference; fileEncoding = 4; lastKnownFileType = text.json; path = friend.json; sourceTree = "<group>"; };
		A183A50D2819608000097B06 /* friend.swift */ = {isa = PBXFileReference; fileEncoding = 4; lastKnownFileType = sourcecode.swift; path = friend.swift; sourceTree = "<group>"; };
		A183A510281960A300097B06 /* BlueView.swift */ = {isa = PBXFileReference; fileEncoding = 4; lastKnownFileType = sourcecode.swift; path = BlueView.swift; sourceTree = "<group>"; };
		A1854802281ADAED00326FBC /* MoodCurveViewController.swift */ = {isa = PBXFileReference; fileEncoding = 4; lastKnownFileType = sourcecode.swift; path = MoodCurveViewController.swift; sourceTree = "<group>"; };
		A1854804281ADB0800326FBC /* BlueCirView.swift */ = {isa = PBXFileReference; fileEncoding = 4; lastKnownFileType = sourcecode.swift; path = BlueCirView.swift; sourceTree = "<group>"; };
		A1854806281ADB1100326FBC /* MoodCurve.swift */ = {isa = PBXFileReference; fileEncoding = 4; lastKnownFileType = sourcecode.swift; path = MoodCurve.swift; sourceTree = "<group>"; };
		A1854808281ADB1E00326FBC /* posNegClassify 1.mlmodel */ = {isa = PBXFileReference; lastKnownFileType = file.mlmodel; path = "posNegClassify 1.mlmodel"; sourceTree = "<group>"; };
		A185480A281ADB8900326FBC /* moodCurve.json */ = {isa = PBXFileReference; fileEncoding = 4; lastKnownFileType = text.json; path = moodCurve.json; sourceTree = "<group>"; };
		A18CF2C8281B585800455B6B /* EditDiaryViewController.swift */ = {isa = PBXFileReference; lastKnownFileType = sourcecode.swift; path = EditDiaryViewController.swift; sourceTree = "<group>"; };
		A18CF2CA281B6D5300455B6B /* diaryCache.swift */ = {isa = PBXFileReference; lastKnownFileType = sourcecode.swift; path = diaryCache.swift; sourceTree = "<group>"; };
		A1C629A928196FCC0050211A /* news.json */ = {isa = PBXFileReference; fileEncoding = 4; lastKnownFileType = text.json; path = news.json; sourceTree = "<group>"; };
		A1C629AB28196FD50050211A /* news.swift */ = {isa = PBXFileReference; fileEncoding = 4; lastKnownFileType = sourcecode.swift; path = news.swift; sourceTree = "<group>"; };
		A1C629AD28196FE50050211A /* NewsViewController.swift */ = {isa = PBXFileReference; fileEncoding = 4; lastKnownFileType = sourcecode.swift; path = NewsViewController.swift; sourceTree = "<group>"; };
		A1CBF8462816D10000E4ED0C /* doctor.json */ = {isa = PBXFileReference; fileEncoding = 4; lastKnownFileType = text.json; path = doctor.json; sourceTree = "<group>"; };
		A1CBF8482816D10700E4ED0C /* Doctor.swift */ = {isa = PBXFileReference; fileEncoding = 4; lastKnownFileType = sourcecode.swift; path = Doctor.swift; sourceTree = "<group>"; };
		A1CBF84C2816D12F00E4ED0C /* diary.json */ = {isa = PBXFileReference; fileEncoding = 4; lastKnownFileType = text.json; path = diary.json; sourceTree = "<group>"; };
		A1CBF84D2816D12F00E4ED0C /* diaryjson.swift */ = {isa = PBXFileReference; fileEncoding = 4; lastKnownFileType = sourcecode.swift; path = diaryjson.swift; sourceTree = "<group>"; };
		A1CBF84F2816D12F00E4ED0C /* Diary.swift */ = {isa = PBXFileReference; fileEncoding = 4; lastKnownFileType = sourcecode.swift; path = Diary.swift; sourceTree = "<group>"; };
		A1CBF8532816D13B00E4ED0C /* NoteCollectionViewCell.swift */ = {isa = PBXFileReference; fileEncoding = 4; lastKnownFileType = sourcecode.swift; path = NoteCollectionViewCell.swift; sourceTree = "<group>"; };
		A1CBF8542816D13B00E4ED0C /* BottomView.swift */ = {isa = PBXFileReference; fileEncoding = 4; lastKnownFileType = sourcecode.swift; path = BottomView.swift; sourceTree = "<group>"; };
		A1CBF8572816D14200E4ED0C /* MIneDiaryCollectionViewCell.swift */ = {isa = PBXFileReference; fileEncoding = 4; lastKnownFileType = sourcecode.swift; path = MIneDiaryCollectionViewCell.swift; sourceTree = "<group>"; };
		A1CBF85A2816D15800E4ED0C /* Medicine.swift */ = {isa = PBXFileReference; fileEncoding = 4; lastKnownFileType = sourcecode.swift; path = Medicine.swift; sourceTree = "<group>"; };
		A1CBF85B2816D15800E4ED0C /* Commit.swift */ = {isa = PBXFileReference; fileEncoding = 4; lastKnownFileType = sourcecode.swift; path = Commit.swift; sourceTree = "<group>"; };
		A1CBF85E2816D16D00E4ED0C /* commit.json */ = {isa = PBXFileReference; fileEncoding = 4; lastKnownFileType = text.json; path = commit.json; sourceTree = "<group>"; };
		A1CBF85F2816D16D00E4ED0C /* medicine.json */ = {isa = PBXFileReference; fileEncoding = 4; lastKnownFileType = text.json; path = medicine.json; sourceTree = "<group>"; };
		A1CBF8622816D17600E4ED0C /* ChartViewController.swift */ = {isa = PBXFileReference; fileEncoding = 4; lastKnownFileType = sourcecode.swift; path = ChartViewController.swift; sourceTree = "<group>"; };
		A1CBF8642816D23200E4ED0C /* CaseViewController_2.swift */ = {isa = PBXFileReference; fileEncoding = 4; lastKnownFileType = sourcecode.swift; path = CaseViewController_2.swift; sourceTree = "<group>"; };
		A1DD08DC28140E4C00684CF3 /* ChatroomViewController.swift */ = {isa = PBXFileReference; fileEncoding = 4; lastKnownFileType = sourcecode.swift; path = ChatroomViewController.swift; sourceTree = "<group>"; };
		A1DD08DE28140E4C00684CF3 /* ChatMessageCell.swift */ = {isa = PBXFileReference; fileEncoding = 4; lastKnownFileType = sourcecode.swift; path = ChatMessageCell.swift; sourceTree = "<group>"; };
		A1DD08E028140E4C00684CF3 /* ChatMessage.swift */ = {isa = PBXFileReference; fileEncoding = 4; lastKnownFileType = sourcecode.swift; path = ChatMessage.swift; sourceTree = "<group>"; };
		A1DD08E228140E4C00684CF3 /* ChatBoxView.swift */ = {isa = PBXFileReference; fileEncoding = 4; lastKnownFileType = sourcecode.swift; path = ChatBoxView.swift; sourceTree = "<group>"; };
		A1DD08EC2814484500684CF3 /* BubbleView.swift */ = {isa = PBXFileReference; lastKnownFileType = sourcecode.swift; path = BubbleView.swift; sourceTree = "<group>"; };
		A1EFB881281AC05000C64B25 /* ChatHistory.swift */ = {isa = PBXFileReference; fileEncoding = 4; lastKnownFileType = sourcecode.swift; path = ChatHistory.swift; sourceTree = "<group>"; };
		A1EFB882281AC05000C64B25 /* time.swift */ = {isa = PBXFileReference; fileEncoding = 4; lastKnownFileType = sourcecode.swift; path = time.swift; sourceTree = "<group>"; };
		A1EFB884281AC05000C64B25 /* sqlite.swift */ = {isa = PBXFileReference; fileEncoding = 4; lastKnownFileType = sourcecode.swift; path = sqlite.swift; sourceTree = "<group>"; };
		A3F6E3807968D8F0EC378B14 /* Pods_Easyvisit.framework */ = {isa = PBXFileReference; explicitFileType = wrapper.framework; includeInIndex = 0; path = Pods_Easyvisit.framework; sourceTree = BUILT_PRODUCTS_DIR; };
		C1D289A9774149A2FA69E98F /* Pods_Easyvisit_EasyvisitUITests.framework */ = {isa = PBXFileReference; explicitFileType = wrapper.framework; includeInIndex = 0; path = Pods_Easyvisit_EasyvisitUITests.framework; sourceTree = BUILT_PRODUCTS_DIR; };
		E1937457656DF9E6BB178C04 /* Pods-Easyvisit-EasyvisitUITests.release.xcconfig */ = {isa = PBXFileReference; includeInIndex = 1; lastKnownFileType = text.xcconfig; name = "Pods-Easyvisit-EasyvisitUITests.release.xcconfig"; path = "Target Support Files/Pods-Easyvisit-EasyvisitUITests/Pods-Easyvisit-EasyvisitUITests.release.xcconfig"; sourceTree = "<group>"; };
/* End PBXFileReference section */

/* Begin PBXFrameworksBuildPhase section */
		7E337A88281184BB00309F69 /* Frameworks */ = {
			isa = PBXFrameworksBuildPhase;
			buildActionMask = 2147483647;
			files = (
				299A8F99F5EAB59DAB50841F /* Pods_Easyvisit.framework in Frameworks */,
			);
			runOnlyForDeploymentPostprocessing = 0;
		};
		7E337A9E281184BE00309F69 /* Frameworks */ = {
			isa = PBXFrameworksBuildPhase;
			buildActionMask = 2147483647;
			files = (
				0A4CCBE78F9513741883262A /* Pods_EasyvisitTests.framework in Frameworks */,
			);
			runOnlyForDeploymentPostprocessing = 0;
		};
		7E337AA8281184BE00309F69 /* Frameworks */ = {
			isa = PBXFrameworksBuildPhase;
			buildActionMask = 2147483647;
			files = (
				660B6E5E299CD151346474F2 /* Pods_Easyvisit_EasyvisitUITests.framework in Frameworks */,
			);
			runOnlyForDeploymentPostprocessing = 0;
		};
/* End PBXFrameworksBuildPhase section */

/* Begin PBXGroup section */
		2CAF18F95E7FDE0646B53DE4 /* Pods */ = {
			isa = PBXGroup;
			children = (
				2E3F86A04251ECA97298544C /* Pods-Easyvisit.debug.xcconfig */,
				2C3C92B8CD4A2B027C4E60BC /* Pods-Easyvisit.release.xcconfig */,
				5384D9F229F985BAA9DB7E77 /* Pods-Easyvisit-EasyvisitUITests.debug.xcconfig */,
				E1937457656DF9E6BB178C04 /* Pods-Easyvisit-EasyvisitUITests.release.xcconfig */,
				2A65E2BB7B77EDA3EA04C3AA /* Pods-EasyvisitTests.debug.xcconfig */,
				55802D81CE51ECA69158EC94 /* Pods-EasyvisitTests.release.xcconfig */,
			);
			path = Pods;
			sourceTree = "<group>";
		};
		7E2897BA28138F2D0089BEB1 /* View */ = {
			isa = PBXGroup;
			children = (
				7E2897C32813AD3D0089BEB1 /* DoctorCollectionViewCell.swift */,
				7E2897C52813B1E90089BEB1 /* FriendCollectionViewCell.swift */,
			);
			name = View;
			sourceTree = "<group>";
		};
		7E2897BC28138F560089BEB1 /* Model */ = {
			isa = PBXGroup;
			children = (
				A183A50D2819608000097B06 /* friend.swift */,
				A1CBF8482816D10700E4ED0C /* Doctor.swift */,
			);
			name = Model;
			sourceTree = "<group>";
		};
		7E337A82281184BB00309F69 = {
			isa = PBXGroup;
			children = (
				7E337A8D281184BB00309F69 /* Easyvisit */,
				7E337AA4281184BE00309F69 /* EasyvisitTests */,
				7E337AAE281184BE00309F69 /* EasyvisitUITests */,
				7E337A8C281184BB00309F69 /* Products */,
				2CAF18F95E7FDE0646B53DE4 /* Pods */,
				DC641E987BDA585FED646359 /* Frameworks */,
			);
			sourceTree = "<group>";
		};
		7E337A8C281184BB00309F69 /* Products */ = {
			isa = PBXGroup;
			children = (
				7E337A8B281184BB00309F69 /* Easyvisit.app */,
				7E337AA1281184BE00309F69 /* EasyvisitTests.xctest */,
				7E337AAB281184BE00309F69 /* EasyvisitUITests.xctest */,
			);
			name = Products;
			sourceTree = "<group>";
		};
		7E337A8D281184BB00309F69 /* Easyvisit */ = {
			isa = PBXGroup;
			children = (
				7E337ABE281185B000309F69 /* Classes */,
				7E337AD82811885600309F69 /* Resource */,
				7E337A94281184BB00309F69 /* Main.storyboard */,
				7E337A99281184BD00309F69 /* LaunchScreen.storyboard */,
				7E337A9C281184BD00309F69 /* Info.plist */,
			);
			path = Easyvisit;
			sourceTree = "<group>";
		};
		7E337AA4281184BE00309F69 /* EasyvisitTests */ = {
			isa = PBXGroup;
			children = (
				7E337AA5281184BE00309F69 /* EasyvisitTests.swift */,
			);
			path = EasyvisitTests;
			sourceTree = "<group>";
		};
		7E337AAE281184BE00309F69 /* EasyvisitUITests */ = {
			isa = PBXGroup;
			children = (
				7E337AAF281184BE00309F69 /* EasyvisitUITests.swift */,
				7E337AB1281184BE00309F69 /* EasyvisitUITestsLaunchTests.swift */,
			);
			path = EasyvisitUITests;
			sourceTree = "<group>";
		};
		7E337ABE281185B000309F69 /* Classes */ = {
			isa = PBXGroup;
			children = (
				7E337ABF281185BC00309F69 /* AppDelegate */,
				7E337AC0281185CD00309F69 /* SceneDelegate */,
				7E337AC32811860300309F69 /* Application */,
				7E337AD02811876B00309F69 /* Util */,
				7E337AC62811865C00309F69 /* Business */,
			);
			path = Classes;
			sourceTree = "<group>";
		};
		7E337ABF281185BC00309F69 /* AppDelegate */ = {
			isa = PBXGroup;
			children = (
				7E337A8E281184BB00309F69 /* AppDelegate.swift */,
			);
			path = AppDelegate;
			sourceTree = "<group>";
		};
		7E337AC0281185CD00309F69 /* SceneDelegate */ = {
			isa = PBXGroup;
			children = (
				7E337A90281184BB00309F69 /* SceneDelegate.swift */,
			);
			path = SceneDelegate;
			sourceTree = "<group>";
		};
		7E337AC32811860300309F69 /* Application */ = {
			isa = PBXGroup;
			children = (
				7E337AC42811862500309F69 /* TabBarController.swift */,
			);
			path = Application;
			sourceTree = "<group>";
		};
		7E337AC62811865C00309F69 /* Business */ = {
			isa = PBXGroup;
			children = (
				7E337AC72811867900309F69 /* FirstTab */,
				7E337AC8281186AA00309F69 /* ReturnVisit */,
				7E337AC9281186C600309F69 /* Mine */,
			);
			path = Business;
			sourceTree = "<group>";
		};
		7E337AC72811867900309F69 /* FirstTab */ = {
			isa = PBXGroup;
			children = (
				A185480A281ADB8900326FBC /* moodCurve.json */,
				A1854808281ADB1E00326FBC /* posNegClassify 1.mlmodel */,
				A1C629A928196FCC0050211A /* news.json */,
				A10EEC7B28192E1800309001 /* index.json */,
				A1CBF85E2816D16D00E4ED0C /* commit.json */,
				A1CBF85F2816D16D00E4ED0C /* medicine.json */,
				A1CBF8592816D15800E4ED0C /* Model */,
				A175F29E28156FF900DAB143 /* View */,
				7E337AD92811892400309F69 /* Controller */,
			);
			path = FirstTab;
			sourceTree = "<group>";
		};
		7E337AC8281186AA00309F69 /* ReturnVisit */ = {
			isa = PBXGroup;
			children = (
				A1CBF84A2816D10A00E4ED0C /* Resource */,
				7E2897BC28138F560089BEB1 /* Model */,
				7E2897BA28138F2D0089BEB1 /* View */,
				7E337ADC2811894100309F69 /* Controller */,
			);
			path = ReturnVisit;
			sourceTree = "<group>";
		};
		7E337AC9281186C600309F69 /* Mine */ = {
			isa = PBXGroup;
			children = (
				A1CBF84E2816D12F00E4ED0C /* Model */,
				A1CBF84B2816D12F00E4ED0C /* Resource */,
				A175F2AB2815702100DAB143 /* View */,
				7E337ADF2811895800309F69 /* Controller */,
			);
			path = Mine;
			sourceTree = "<group>";
		};
		7E337AD02811876B00309F69 /* Util */ = {
			isa = PBXGroup;
			children = (
				A1EFB880281AC05000C64B25 /* Cache */,
				A1EFB883281AC05000C64B25 /* DataBase */,
				A1EFB882281AC05000C64B25 /* time.swift */,
				7E337AD12811877A00309F69 /* Extensions */,
				7E337AD6281187CC00309F69 /* Constant.swift */,
			);
			path = Util;
			sourceTree = "<group>";
		};
		7E337AD12811877A00309F69 /* Extensions */ = {
			isa = PBXGroup;
			children = (
				7E337AD22811879400309F69 /* Int + Fit.swift */,
				7E337AD4281187B700309F69 /* UITabBarExtension.swift */,
			);
			path = Extensions;
			sourceTree = "<group>";
		};
		7E337AD82811885600309F69 /* Resource */ = {
			isa = PBXGroup;
			children = (
				7E337A97281184BD00309F69 /* Assets.xcassets */,
			);
			path = Resource;
			sourceTree = "<group>";
		};
		7E337AD92811892400309F69 /* Controller */ = {
			isa = PBXGroup;
			children = (
				A1854802281ADAED00326FBC /* MoodCurveViewController.swift */,
				A1C629AD28196FE50050211A /* NewsViewController.swift */,
				A1CBF8622816D17600E4ED0C /* ChartViewController.swift */,
				A175F2BD281574FA00DAB143 /* CommiteViewController.swift */,
				A175F2BB281574FA00DAB143 /* CurveViewController.swift */,
				A175F2BC281574FA00DAB143 /* MedicineViewController.swift */,
				7E337ACA281186E600309F69 /* FirstTabViewController.swift */,
			);
			path = Controller;
			sourceTree = "<group>";
		};
		7E337ADC2811894100309F69 /* Controller */ = {
			isa = PBXGroup;
			children = (
				A1DD08D928140D4700684CF3 /* Page-Two */,
				7E337ACC281186F500309F69 /* ReturnVisitViewController.swift */,
				7E2897BD281391D70089BEB1 /* ChildOneViewController.swift */,
				7E2897BF281391E60089BEB1 /* ChildTwoViewController.swift */,
			);
			path = Controller;
			sourceTree = "<group>";
		};
		7E337ADF2811895800309F69 /* Controller */ = {
			isa = PBXGroup;
			children = (
				A10EEC56281928EF00309001 /* CaseViewController.swift */,
				A10EEC55281928EF00309001 /* RecordViewController.swift */,
				A10EEC54281928EF00309001 /* SelfViewController.swift */,
				A175F2B52815702C00DAB143 /* AddDiaryCollectionViewCell.swift */,
				A175F2B62815702C00DAB143 /* AddDiaryViewController.swift */,
				7E337ACE281186FC00309F69 /* MineViewController.swift */,
				A18CF2C8281B585800455B6B /* EditDiaryViewController.swift */,
			);
			path = Controller;
			sourceTree = "<group>";
		};
		A175F29E28156FF900DAB143 /* View */ = {
			isa = PBXGroup;
			children = (
				A1854804281ADB0800326FBC /* BlueCirView.swift */,
				A10EEC8128192E4C00309001 /* HistoryCollectionViewCell.swift */,
				A10EEC7F28192E4C00309001 /* HistoryTopCollectionViewCell.swift */,
				A10EEC8028192E4C00309001 /* WhiteView.swift */,
				A175F2C52815753200DAB143 /* MedicineCollectionViewCell.swift */,
				A175F2C12815750300DAB143 /* CommitCollectionViewCell.swift */,
				A175F2C22815750300DAB143 /* CurveCollectionViewCell.swift */,
				A175F29F28156FF900DAB143 /* SearchView.swift */,
				A175F2A028156FF900DAB143 /* FirstCollectionViewCell.swift */,
				A175F2A128156FF900DAB143 /* NoticeCollectionViewCell.swift */,
				A175F2A228156FF900DAB143 /* NoticeView.swift */,
				A175F2A328156FF900DAB143 /* DateView.swift */,
				A175F2A428156FF900DAB143 /* DateCollectionViewCell.swift */,
			);
			path = View;
			sourceTree = "<group>";
		};
		A175F2AB2815702100DAB143 /* View */ = {
			isa = PBXGroup;
			children = (
				A10EEC5A2819290900309001 /* CaseCollectionViewCell.swift */,
				A10EEC5C2819290900309001 /* RecordTableViewCell.swift */,
				A10EEC5D2819290900309001 /* SelfCollectionViewCell.swift */,
				A1CBF8542816D13B00E4ED0C /* BottomView.swift */,
				A1CBF8532816D13B00E4ED0C /* NoteCollectionViewCell.swift */,
				A175F2AC2815702100DAB143 /* OtherCollectionViewCell.swift */,
				A175F2AD2815702100DAB143 /* View-Cell */,
				A175F2AF2815702100DAB143 /* MoodCollectionViewCell.swift */,
				A175F2B02815702100DAB143 /* TopView.swift */,
			);
			path = View;
			sourceTree = "<group>";
		};
		A175F2AD2815702100DAB143 /* View-Cell */ = {
			isa = PBXGroup;
			children = (
				A1CBF8572816D14200E4ED0C /* MIneDiaryCollectionViewCell.swift */,
				A175F2AE2815702100DAB143 /* MoodCellCollectionViewCell.swift */,
			);
			path = "View-Cell";
			sourceTree = "<group>";
		};
		A1CBF84A2816D10A00E4ED0C /* Resource */ = {
			isa = PBXGroup;
			children = (
				A183A5082819607300097B06 /* friend.json */,
				A1CBF8462816D10000E4ED0C /* doctor.json */,
			);
			name = Resource;
			sourceTree = "<group>";
		};
		A1CBF84B2816D12F00E4ED0C /* Resource */ = {
			isa = PBXGroup;
			children = (
				A10EEC632819291400309001 /* case.json */,
				A10EEC642819291400309001 /* department.json */,
				A10EEC622819291400309001 /* record.json */,
				A1CBF84C2816D12F00E4ED0C /* diary.json */,
				A1CBF84D2816D12F00E4ED0C /* diaryjson.swift */,
			);
			path = Resource;
			sourceTree = "<group>";
		};
		A1CBF84E2816D12F00E4ED0C /* Model */ = {
			isa = PBXGroup;
			children = (
				A10EEC692819291D00309001 /* Case.swift */,
				A10EEC682819291D00309001 /* Department.swift */,
				A1CBF84F2816D12F00E4ED0C /* Diary.swift */,
			);
			path = Model;
			sourceTree = "<group>";
		};
		A1CBF8592816D15800E4ED0C /* Model */ = {
			isa = PBXGroup;
			children = (
				A1854806281ADB1100326FBC /* MoodCurve.swift */,
				A1C629AB28196FD50050211A /* news.swift */,
				A10EEC7D28192E1F00309001 /* Index.swift */,
				A1CBF85A2816D15800E4ED0C /* Medicine.swift */,
				A1CBF85B2816D15800E4ED0C /* Commit.swift */,
			);
			path = Model;
			sourceTree = "<group>";
		};
		A1DD08D928140D4700684CF3 /* Page-Two */ = {
			isa = PBXGroup;
			children = (
				A1DD08EB2814483100684CF3 /* Cell */,
				A1DD08E92814480D00684CF3 /* Model */,
				A1DD08E82814480300684CF3 /* View */,
				A1DD08DA28140D5600684CF3 /* Controller */,
			);
			path = "Page-Two";
			sourceTree = "<group>";
		};
		A1DD08DA28140D5600684CF3 /* Controller */ = {
			isa = PBXGroup;
			children = (
				A1CBF8642816D23200E4ED0C /* CaseViewController_2.swift */,
				A1DD08DC28140E4C00684CF3 /* ChatroomViewController.swift */,
			);
			path = Controller;
			sourceTree = "<group>";
		};
		A1DD08E82814480300684CF3 /* View */ = {
			isa = PBXGroup;
			children = (
				A183A510281960A300097B06 /* BlueView.swift */,
				A1DD08E228140E4C00684CF3 /* ChatBoxView.swift */,
				A1DD08EC2814484500684CF3 /* BubbleView.swift */,
			);
			path = View;
			sourceTree = "<group>";
		};
		A1DD08E92814480D00684CF3 /* Model */ = {
			isa = PBXGroup;
			children = (
				A1DD08E028140E4C00684CF3 /* ChatMessage.swift */,
			);
			path = Model;
			sourceTree = "<group>";
		};
		A1DD08EB2814483100684CF3 /* Cell */ = {
			isa = PBXGroup;
			children = (
				A1DD08DE28140E4C00684CF3 /* ChatMessageCell.swift */,
			);
			path = Cell;
			sourceTree = "<group>";
		};
		A1EFB880281AC05000C64B25 /* Cache */ = {
			isa = PBXGroup;
			children = (
				A1EFB881281AC05000C64B25 /* ChatHistory.swift */,
				A18CF2CA281B6D5300455B6B /* diaryCache.swift */,
			);
			path = Cache;
			sourceTree = "<group>";
		};
		A1EFB883281AC05000C64B25 /* DataBase */ = {
			isa = PBXGroup;
			children = (
				A1EFB884281AC05000C64B25 /* sqlite.swift */,
			);
			path = DataBase;
			sourceTree = "<group>";
		};
		DC641E987BDA585FED646359 /* Frameworks */ = {
			isa = PBXGroup;
			children = (
				A3F6E3807968D8F0EC378B14 /* Pods_Easyvisit.framework */,
				C1D289A9774149A2FA69E98F /* Pods_Easyvisit_EasyvisitUITests.framework */,
				95FA8C7FD707DCDCE155628E /* Pods_EasyvisitTests.framework */,
			);
			name = Frameworks;
			sourceTree = "<group>";
		};
/* End PBXGroup section */

/* Begin PBXNativeTarget section */
		7E337A8A281184BB00309F69 /* Easyvisit */ = {
			isa = PBXNativeTarget;
			buildConfigurationList = 7E337AB5281184BE00309F69 /* Build configuration list for PBXNativeTarget "Easyvisit" */;
			buildPhases = (
				26C064812E0AEEB10FA86BE2 /* [CP] Check Pods Manifest.lock */,
				7E337A87281184BB00309F69 /* Sources */,
				7E337A88281184BB00309F69 /* Frameworks */,
				7E337A89281184BB00309F69 /* Resources */,
				4278970EC57BF208A8565B3F /* [CP] Embed Pods Frameworks */,
			);
			buildRules = (
			);
			dependencies = (
			);
			name = Easyvisit;
			productName = Easyvisit;
			productReference = 7E337A8B281184BB00309F69 /* Easyvisit.app */;
			productType = "com.apple.product-type.application";
		};
		7E337AA0281184BE00309F69 /* EasyvisitTests */ = {
			isa = PBXNativeTarget;
			buildConfigurationList = 7E337AB8281184BE00309F69 /* Build configuration list for PBXNativeTarget "EasyvisitTests" */;
			buildPhases = (
				6A83A56AFEF0BB92E0795010 /* [CP] Check Pods Manifest.lock */,
				7E337A9D281184BE00309F69 /* Sources */,
				7E337A9E281184BE00309F69 /* Frameworks */,
				7E337A9F281184BE00309F69 /* Resources */,
			);
			buildRules = (
			);
			dependencies = (
				7E337AA3281184BE00309F69 /* PBXTargetDependency */,
			);
			name = EasyvisitTests;
			productName = EasyvisitTests;
			productReference = 7E337AA1281184BE00309F69 /* EasyvisitTests.xctest */;
			productType = "com.apple.product-type.bundle.unit-test";
		};
		7E337AAA281184BE00309F69 /* EasyvisitUITests */ = {
			isa = PBXNativeTarget;
			buildConfigurationList = 7E337ABB281184BE00309F69 /* Build configuration list for PBXNativeTarget "EasyvisitUITests" */;
			buildPhases = (
				763F8126D27443449ADA2D64 /* [CP] Check Pods Manifest.lock */,
				7E337AA7281184BE00309F69 /* Sources */,
				7E337AA8281184BE00309F69 /* Frameworks */,
				7E337AA9281184BE00309F69 /* Resources */,
				94F2B47EB5E7BAA4E73E5CB1 /* [CP] Embed Pods Frameworks */,
			);
			buildRules = (
			);
			dependencies = (
				7E337AAD281184BE00309F69 /* PBXTargetDependency */,
			);
			name = EasyvisitUITests;
			productName = EasyvisitUITests;
			productReference = 7E337AAB281184BE00309F69 /* EasyvisitUITests.xctest */;
			productType = "com.apple.product-type.bundle.ui-testing";
		};
/* End PBXNativeTarget section */

/* Begin PBXProject section */
		7E337A83281184BB00309F69 /* Project object */ = {
			isa = PBXProject;
			attributes = {
				BuildIndependentTargetsInParallel = 1;
				LastSwiftUpdateCheck = 1300;
				LastUpgradeCheck = 1300;
				TargetAttributes = {
					7E337A8A281184BB00309F69 = {
						CreatedOnToolsVersion = 13.0;
					};
					7E337AA0281184BE00309F69 = {
						CreatedOnToolsVersion = 13.0;
						TestTargetID = 7E337A8A281184BB00309F69;
					};
					7E337AAA281184BE00309F69 = {
						CreatedOnToolsVersion = 13.0;
						TestTargetID = 7E337A8A281184BB00309F69;
					};
				};
			};
			buildConfigurationList = 7E337A86281184BB00309F69 /* Build configuration list for PBXProject "Easyvisit" */;
			compatibilityVersion = "Xcode 13.0";
			developmentRegion = en;
			hasScannedForEncodings = 0;
			knownRegions = (
				en,
				Base,
			);
			mainGroup = 7E337A82281184BB00309F69;
			productRefGroup = 7E337A8C281184BB00309F69 /* Products */;
			projectDirPath = "";
			projectRoot = "";
			targets = (
				7E337A8A281184BB00309F69 /* Easyvisit */,
				7E337AA0281184BE00309F69 /* EasyvisitTests */,
				7E337AAA281184BE00309F69 /* EasyvisitUITests */,
			);
		};
/* End PBXProject section */

/* Begin PBXResourcesBuildPhase section */
		7E337A89281184BB00309F69 /* Resources */ = {
			isa = PBXResourcesBuildPhase;
			buildActionMask = 2147483647;
			files = (
				7E337A9B281184BD00309F69 /* LaunchScreen.storyboard in Resources */,
				A1C629AA28196FCC0050211A /* news.json in Resources */,
				7E337A98281184BD00309F69 /* Assets.xcassets in Resources */,
				A10EEC652819291400309001 /* record.json in Resources */,
				A10EEC7C28192E1800309001 /* index.json in Resources */,
				A1CBF8472816D10000E4ED0C /* doctor.json in Resources */,
				A1CBF8502816D12F00E4ED0C /* diary.json in Resources */,
				A1CBF8602816D16D00E4ED0C /* commit.json in Resources */,
				A185480B281ADB8A00326FBC /* moodCurve.json in Resources */,
				A183A50A2819607300097B06 /* friend.json in Resources */,
				A1CBF8612816D16D00E4ED0C /* medicine.json in Resources */,
				A10EEC662819291400309001 /* case.json in Resources */,
				7E337A96281184BB00309F69 /* Main.storyboard in Resources */,
				A10EEC672819291400309001 /* department.json in Resources */,
			);
			runOnlyForDeploymentPostprocessing = 0;
		};
		7E337A9F281184BE00309F69 /* Resources */ = {
			isa = PBXResourcesBuildPhase;
			buildActionMask = 2147483647;
			files = (
			);
			runOnlyForDeploymentPostprocessing = 0;
		};
		7E337AA9281184BE00309F69 /* Resources */ = {
			isa = PBXResourcesBuildPhase;
			buildActionMask = 2147483647;
			files = (
			);
			runOnlyForDeploymentPostprocessing = 0;
		};
/* End PBXResourcesBuildPhase section */

/* Begin PBXShellScriptBuildPhase section */
		26C064812E0AEEB10FA86BE2 /* [CP] Check Pods Manifest.lock */ = {
			isa = PBXShellScriptBuildPhase;
			buildActionMask = 2147483647;
			files = (
			);
			inputFileListPaths = (
			);
			inputPaths = (
				"${PODS_PODFILE_DIR_PATH}/Podfile.lock",
				"${PODS_ROOT}/Manifest.lock",
			);
			name = "[CP] Check Pods Manifest.lock";
			outputFileListPaths = (
			);
			outputPaths = (
				"$(DERIVED_FILE_DIR)/Pods-Easyvisit-checkManifestLockResult.txt",
			);
			runOnlyForDeploymentPostprocessing = 0;
			shellPath = /bin/sh;
			shellScript = "diff \"${PODS_PODFILE_DIR_PATH}/Podfile.lock\" \"${PODS_ROOT}/Manifest.lock\" > /dev/null\nif [ $? != 0 ] ; then\n    # print error to STDERR\n    echo \"error: The sandbox is not in sync with the Podfile.lock. Run 'pod install' or update your CocoaPods installation.\" >&2\n    exit 1\nfi\n# This output is used by Xcode 'outputs' to avoid re-running this script phase.\necho \"SUCCESS\" > \"${SCRIPT_OUTPUT_FILE_0}\"\n";
			showEnvVarsInLog = 0;
		};
		4278970EC57BF208A8565B3F /* [CP] Embed Pods Frameworks */ = {
			isa = PBXShellScriptBuildPhase;
			buildActionMask = 2147483647;
			files = (
			);
			inputFileListPaths = (
				"${PODS_ROOT}/Target Support Files/Pods-Easyvisit/Pods-Easyvisit-frameworks-${CONFIGURATION}-input-files.xcfilelist",
			);
			name = "[CP] Embed Pods Frameworks";
			outputFileListPaths = (
				"${PODS_ROOT}/Target Support Files/Pods-Easyvisit/Pods-Easyvisit-frameworks-${CONFIGURATION}-output-files.xcfilelist",
			);
			runOnlyForDeploymentPostprocessing = 0;
			shellPath = /bin/sh;
			shellScript = "\"${PODS_ROOT}/Target Support Files/Pods-Easyvisit/Pods-Easyvisit-frameworks.sh\"\n";
			showEnvVarsInLog = 0;
		};
		6A83A56AFEF0BB92E0795010 /* [CP] Check Pods Manifest.lock */ = {
			isa = PBXShellScriptBuildPhase;
			buildActionMask = 2147483647;
			files = (
			);
			inputFileListPaths = (
			);
			inputPaths = (
				"${PODS_PODFILE_DIR_PATH}/Podfile.lock",
				"${PODS_ROOT}/Manifest.lock",
			);
			name = "[CP] Check Pods Manifest.lock";
			outputFileListPaths = (
			);
			outputPaths = (
				"$(DERIVED_FILE_DIR)/Pods-EasyvisitTests-checkManifestLockResult.txt",
			);
			runOnlyForDeploymentPostprocessing = 0;
			shellPath = /bin/sh;
			shellScript = "diff \"${PODS_PODFILE_DIR_PATH}/Podfile.lock\" \"${PODS_ROOT}/Manifest.lock\" > /dev/null\nif [ $? != 0 ] ; then\n    # print error to STDERR\n    echo \"error: The sandbox is not in sync with the Podfile.lock. Run 'pod install' or update your CocoaPods installation.\" >&2\n    exit 1\nfi\n# This output is used by Xcode 'outputs' to avoid re-running this script phase.\necho \"SUCCESS\" > \"${SCRIPT_OUTPUT_FILE_0}\"\n";
			showEnvVarsInLog = 0;
		};
		763F8126D27443449ADA2D64 /* [CP] Check Pods Manifest.lock */ = {
			isa = PBXShellScriptBuildPhase;
			buildActionMask = 2147483647;
			files = (
			);
			inputFileListPaths = (
			);
			inputPaths = (
				"${PODS_PODFILE_DIR_PATH}/Podfile.lock",
				"${PODS_ROOT}/Manifest.lock",
			);
			name = "[CP] Check Pods Manifest.lock";
			outputFileListPaths = (
			);
			outputPaths = (
				"$(DERIVED_FILE_DIR)/Pods-Easyvisit-EasyvisitUITests-checkManifestLockResult.txt",
			);
			runOnlyForDeploymentPostprocessing = 0;
			shellPath = /bin/sh;
			shellScript = "diff \"${PODS_PODFILE_DIR_PATH}/Podfile.lock\" \"${PODS_ROOT}/Manifest.lock\" > /dev/null\nif [ $? != 0 ] ; then\n    # print error to STDERR\n    echo \"error: The sandbox is not in sync with the Podfile.lock. Run 'pod install' or update your CocoaPods installation.\" >&2\n    exit 1\nfi\n# This output is used by Xcode 'outputs' to avoid re-running this script phase.\necho \"SUCCESS\" > \"${SCRIPT_OUTPUT_FILE_0}\"\n";
			showEnvVarsInLog = 0;
		};
		94F2B47EB5E7BAA4E73E5CB1 /* [CP] Embed Pods Frameworks */ = {
			isa = PBXShellScriptBuildPhase;
			buildActionMask = 2147483647;
			files = (
			);
			inputFileListPaths = (
				"${PODS_ROOT}/Target Support Files/Pods-Easyvisit-EasyvisitUITests/Pods-Easyvisit-EasyvisitUITests-frameworks-${CONFIGURATION}-input-files.xcfilelist",
			);
			name = "[CP] Embed Pods Frameworks";
			outputFileListPaths = (
				"${PODS_ROOT}/Target Support Files/Pods-Easyvisit-EasyvisitUITests/Pods-Easyvisit-EasyvisitUITests-frameworks-${CONFIGURATION}-output-files.xcfilelist",
			);
			runOnlyForDeploymentPostprocessing = 0;
			shellPath = /bin/sh;
			shellScript = "\"${PODS_ROOT}/Target Support Files/Pods-Easyvisit-EasyvisitUITests/Pods-Easyvisit-EasyvisitUITests-frameworks.sh\"\n";
			showEnvVarsInLog = 0;
		};
/* End PBXShellScriptBuildPhase section */

/* Begin PBXSourcesBuildPhase section */
		7E337A87281184BB00309F69 /* Sources */ = {
			isa = PBXSourcesBuildPhase;
			buildActionMask = 2147483647;
			files = (
				A1C629AC28196FD50050211A /* news.swift in Sources */,
				A10EEC8428192E4C00309001 /* WhiteView.swift in Sources */,
				A1CBF85D2816D15800E4ED0C /* Commit.swift in Sources */,
				A1CBF8652816D23200E4ED0C /* CaseViewController_2.swift in Sources */,
				A1CBF8632816D17600E4ED0C /* ChartViewController.swift in Sources */,
				A1CBF8582816D14200E4ED0C /* MIneDiaryCollectionViewCell.swift in Sources */,
				A1854805281ADB0800326FBC /* BlueCirView.swift in Sources */,
				A175F2BF281574FA00DAB143 /* MedicineViewController.swift in Sources */,
				A175F2A628156FF900DAB143 /* FirstCollectionViewCell.swift in Sources */,
				A175F2A528156FF900DAB143 /* SearchView.swift in Sources */,
				7E337ACB281186E600309F69 /* FirstTabViewController.swift in Sources */,
				A18CF2CB281B6D5300455B6B /* diaryCache.swift in Sources */,
				7E337ACD281186F500309F69 /* ReturnVisitViewController.swift in Sources */,
				A175F2C62815753200DAB143 /* MedicineCollectionViewCell.swift in Sources */,
				A1DD08E428140E4D00684CF3 /* ChatMessageCell.swift in Sources */,
				7E2897C42813AD3D0089BEB1 /* DoctorCollectionViewCell.swift in Sources */,
				A1DD08E328140E4D00684CF3 /* ChatroomViewController.swift in Sources */,
				A10EEC8328192E4C00309001 /* HistoryTopCollectionViewCell.swift in Sources */,
				7E337AD32811879400309F69 /* Int + Fit.swift in Sources */,
				A1854807281ADB1100326FBC /* MoodCurve.swift in Sources */,
				A10EEC7E28192E2000309001 /* Index.swift in Sources */,
				7E337ACF281186FC00309F69 /* MineViewController.swift in Sources */,
				A175F2AA28156FF900DAB143 /* DateCollectionViewCell.swift in Sources */,
				A1EFB886281AC05000C64B25 /* time.swift in Sources */,
				A10EEC6A2819291E00309001 /* Department.swift in Sources */,
				A1CBF8492816D10700E4ED0C /* Doctor.swift in Sources */,
				A1854803281ADAED00326FBC /* MoodCurveViewController.swift in Sources */,
				A175F2B22815702100DAB143 /* MoodCellCollectionViewCell.swift in Sources */,
				A1CBF85C2816D15800E4ED0C /* Medicine.swift in Sources */,
				A175F2C32815750300DAB143 /* CommitCollectionViewCell.swift in Sources */,
				A175F2B92815702C00DAB143 /* AddDiaryViewController.swift in Sources */,
				A1DD08E528140E4D00684CF3 /* ChatMessage.swift in Sources */,
				A175F2B32815702100DAB143 /* MoodCollectionViewCell.swift in Sources */,
				A175F2A828156FF900DAB143 /* NoticeView.swift in Sources */,
				A10EEC58281928EF00309001 /* RecordViewController.swift in Sources */,
				7E2897C0281391E60089BEB1 /* ChildTwoViewController.swift in Sources */,
				7E337AC52811862500309F69 /* TabBarController.swift in Sources */,
				A1EFB887281AC05000C64B25 /* sqlite.swift in Sources */,
				A10EEC8528192E4C00309001 /* HistoryCollectionViewCell.swift in Sources */,
				A175F2B12815702100DAB143 /* OtherCollectionViewCell.swift in Sources */,
				A10EEC57281928EF00309001 /* SelfViewController.swift in Sources */,
				A175F2B82815702C00DAB143 /* AddDiaryCollectionViewCell.swift in Sources */,
				A10EEC6B2819291E00309001 /* Case.swift in Sources */,
				7E337A8F281184BB00309F69 /* AppDelegate.swift in Sources */,
				A1EFB885281AC05000C64B25 /* ChatHistory.swift in Sources */,
				A18CF2C9281B585800455B6B /* EditDiaryViewController.swift in Sources */,
				7E337AD7281187CC00309F69 /* Constant.swift in Sources */,
				A10EEC602819290900309001 /* RecordTableViewCell.swift in Sources */,
				7E2897C62813B1E90089BEB1 /* FriendCollectionViewCell.swift in Sources */,
				A175F2A728156FF900DAB143 /* NoticeCollectionViewCell.swift in Sources */,
				A1854809281ADB1F00326FBC /* posNegClassify 1.mlmodel in Sources */,
				A175F2C0281574FA00DAB143 /* CommiteViewController.swift in Sources */,
				A183A50F2819608100097B06 /* friend.swift in Sources */,
				A175F2BE281574FA00DAB143 /* CurveViewController.swift in Sources */,
				A175F2C42815750300DAB143 /* CurveCollectionViewCell.swift in Sources */,
				A1CBF8522816D12F00E4ED0C /* Diary.swift in Sources */,
				A175F2A928156FF900DAB143 /* DateView.swift in Sources */,
				A1DD08ED2814484500684CF3 /* BubbleView.swift in Sources */,
				A1CBF8552816D13B00E4ED0C /* NoteCollectionViewCell.swift in Sources */,
				7E337A91281184BB00309F69 /* SceneDelegate.swift in Sources */,
				7E2897BE281391D70089BEB1 /* ChildOneViewController.swift in Sources */,
				A10EEC59281928EF00309001 /* CaseViewController.swift in Sources */,
				A175F2B42815702100DAB143 /* TopView.swift in Sources */,
				A1CBF8512816D12F00E4ED0C /* diaryjson.swift in Sources */,
				A10EEC5E2819290900309001 /* CaseCollectionViewCell.swift in Sources */,
				A10EEC612819290900309001 /* SelfCollectionViewCell.swift in Sources */,
				A1CBF8562816D13B00E4ED0C /* BottomView.swift in Sources */,
				A183A511281960A300097B06 /* BlueView.swift in Sources */,
				A1DD08E628140E4D00684CF3 /* ChatBoxView.swift in Sources */,
				7E337AD5281187B700309F69 /* UITabBarExtension.swift in Sources */,
				A1C629AE28196FE50050211A /* NewsViewController.swift in Sources */,
			);
			runOnlyForDeploymentPostprocessing = 0;
		};
		7E337A9D281184BE00309F69 /* Sources */ = {
			isa = PBXSourcesBuildPhase;
			buildActionMask = 2147483647;
			files = (
				7E337AA6281184BE00309F69 /* EasyvisitTests.swift in Sources */,
			);
			runOnlyForDeploymentPostprocessing = 0;
		};
		7E337AA7281184BE00309F69 /* Sources */ = {
			isa = PBXSourcesBuildPhase;
			buildActionMask = 2147483647;
			files = (
				7E337AB2281184BE00309F69 /* EasyvisitUITestsLaunchTests.swift in Sources */,
				7E337AB0281184BE00309F69 /* EasyvisitUITests.swift in Sources */,
			);
			runOnlyForDeploymentPostprocessing = 0;
		};
/* End PBXSourcesBuildPhase section */

/* Begin PBXTargetDependency section */
		7E337AA3281184BE00309F69 /* PBXTargetDependency */ = {
			isa = PBXTargetDependency;
			target = 7E337A8A281184BB00309F69 /* Easyvisit */;
			targetProxy = 7E337AA2281184BE00309F69 /* PBXContainerItemProxy */;
		};
		7E337AAD281184BE00309F69 /* PBXTargetDependency */ = {
			isa = PBXTargetDependency;
			target = 7E337A8A281184BB00309F69 /* Easyvisit */;
			targetProxy = 7E337AAC281184BE00309F69 /* PBXContainerItemProxy */;
		};
/* End PBXTargetDependency section */

/* Begin PBXVariantGroup section */
		7E337A94281184BB00309F69 /* Main.storyboard */ = {
			isa = PBXVariantGroup;
			children = (
				7E337A95281184BB00309F69 /* Base */,
			);
			name = Main.storyboard;
			sourceTree = "<group>";
		};
		7E337A99281184BD00309F69 /* LaunchScreen.storyboard */ = {
			isa = PBXVariantGroup;
			children = (
				7E337A9A281184BD00309F69 /* Base */,
			);
			name = LaunchScreen.storyboard;
			sourceTree = "<group>";
		};
/* End PBXVariantGroup section */

/* Begin XCBuildConfiguration section */
		7E337AB3281184BE00309F69 /* Debug */ = {
			isa = XCBuildConfiguration;
			buildSettings = {
				ALWAYS_SEARCH_USER_PATHS = NO;
				CLANG_ANALYZER_NONNULL = YES;
				CLANG_ANALYZER_NUMBER_OBJECT_CONVERSION = YES_AGGRESSIVE;
				CLANG_CXX_LANGUAGE_STANDARD = "gnu++17";
				CLANG_CXX_LIBRARY = "libc++";
				CLANG_ENABLE_MODULES = YES;
				CLANG_ENABLE_OBJC_ARC = YES;
				CLANG_ENABLE_OBJC_WEAK = YES;
				CLANG_WARN_BLOCK_CAPTURE_AUTORELEASING = YES;
				CLANG_WARN_BOOL_CONVERSION = YES;
				CLANG_WARN_COMMA = YES;
				CLANG_WARN_CONSTANT_CONVERSION = YES;
				CLANG_WARN_DEPRECATED_OBJC_IMPLEMENTATIONS = YES;
				CLANG_WARN_DIRECT_OBJC_ISA_USAGE = YES_ERROR;
				CLANG_WARN_DOCUMENTATION_COMMENTS = YES;
				CLANG_WARN_EMPTY_BODY = YES;
				CLANG_WARN_ENUM_CONVERSION = YES;
				CLANG_WARN_INFINITE_RECURSION = YES;
				CLANG_WARN_INT_CONVERSION = YES;
				CLANG_WARN_NON_LITERAL_NULL_CONVERSION = YES;
				CLANG_WARN_OBJC_IMPLICIT_RETAIN_SELF = YES;
				CLANG_WARN_OBJC_LITERAL_CONVERSION = YES;
				CLANG_WARN_OBJC_ROOT_CLASS = YES_ERROR;
				CLANG_WARN_QUOTED_INCLUDE_IN_FRAMEWORK_HEADER = YES;
				CLANG_WARN_RANGE_LOOP_ANALYSIS = YES;
				CLANG_WARN_STRICT_PROTOTYPES = YES;
				CLANG_WARN_SUSPICIOUS_MOVE = YES;
				CLANG_WARN_UNGUARDED_AVAILABILITY = YES_AGGRESSIVE;
				CLANG_WARN_UNREACHABLE_CODE = YES;
				CLANG_WARN__DUPLICATE_METHOD_MATCH = YES;
				COPY_PHASE_STRIP = NO;
				DEBUG_INFORMATION_FORMAT = dwarf;
				ENABLE_STRICT_OBJC_MSGSEND = YES;
				ENABLE_TESTABILITY = YES;
				GCC_C_LANGUAGE_STANDARD = gnu11;
				GCC_DYNAMIC_NO_PIC = NO;
				GCC_NO_COMMON_BLOCKS = YES;
				GCC_OPTIMIZATION_LEVEL = 0;
				GCC_PREPROCESSOR_DEFINITIONS = (
					"DEBUG=1",
					"$(inherited)",
				);
				GCC_WARN_64_TO_32_BIT_CONVERSION = YES;
				GCC_WARN_ABOUT_RETURN_TYPE = YES_ERROR;
				GCC_WARN_UNDECLARED_SELECTOR = YES;
				GCC_WARN_UNINITIALIZED_AUTOS = YES_AGGRESSIVE;
				GCC_WARN_UNUSED_FUNCTION = YES;
				GCC_WARN_UNUSED_VARIABLE = YES;
				IPHONEOS_DEPLOYMENT_TARGET = 15.2;
				MTL_ENABLE_DEBUG_INFO = INCLUDE_SOURCE;
				MTL_FAST_MATH = YES;
				ONLY_ACTIVE_ARCH = YES;
				SDKROOT = iphoneos;
				SWIFT_ACTIVE_COMPILATION_CONDITIONS = DEBUG;
				SWIFT_OPTIMIZATION_LEVEL = "-Onone";
			};
			name = Debug;
		};
		7E337AB4281184BE00309F69 /* Release */ = {
			isa = XCBuildConfiguration;
			buildSettings = {
				ALWAYS_SEARCH_USER_PATHS = NO;
				CLANG_ANALYZER_NONNULL = YES;
				CLANG_ANALYZER_NUMBER_OBJECT_CONVERSION = YES_AGGRESSIVE;
				CLANG_CXX_LANGUAGE_STANDARD = "gnu++17";
				CLANG_CXX_LIBRARY = "libc++";
				CLANG_ENABLE_MODULES = YES;
				CLANG_ENABLE_OBJC_ARC = YES;
				CLANG_ENABLE_OBJC_WEAK = YES;
				CLANG_WARN_BLOCK_CAPTURE_AUTORELEASING = YES;
				CLANG_WARN_BOOL_CONVERSION = YES;
				CLANG_WARN_COMMA = YES;
				CLANG_WARN_CONSTANT_CONVERSION = YES;
				CLANG_WARN_DEPRECATED_OBJC_IMPLEMENTATIONS = YES;
				CLANG_WARN_DIRECT_OBJC_ISA_USAGE = YES_ERROR;
				CLANG_WARN_DOCUMENTATION_COMMENTS = YES;
				CLANG_WARN_EMPTY_BODY = YES;
				CLANG_WARN_ENUM_CONVERSION = YES;
				CLANG_WARN_INFINITE_RECURSION = YES;
				CLANG_WARN_INT_CONVERSION = YES;
				CLANG_WARN_NON_LITERAL_NULL_CONVERSION = YES;
				CLANG_WARN_OBJC_IMPLICIT_RETAIN_SELF = YES;
				CLANG_WARN_OBJC_LITERAL_CONVERSION = YES;
				CLANG_WARN_OBJC_ROOT_CLASS = YES_ERROR;
				CLANG_WARN_QUOTED_INCLUDE_IN_FRAMEWORK_HEADER = YES;
				CLANG_WARN_RANGE_LOOP_ANALYSIS = YES;
				CLANG_WARN_STRICT_PROTOTYPES = YES;
				CLANG_WARN_SUSPICIOUS_MOVE = YES;
				CLANG_WARN_UNGUARDED_AVAILABILITY = YES_AGGRESSIVE;
				CLANG_WARN_UNREACHABLE_CODE = YES;
				CLANG_WARN__DUPLICATE_METHOD_MATCH = YES;
				COPY_PHASE_STRIP = NO;
				DEBUG_INFORMATION_FORMAT = "dwarf-with-dsym";
				ENABLE_NS_ASSERTIONS = NO;
				ENABLE_STRICT_OBJC_MSGSEND = YES;
				GCC_C_LANGUAGE_STANDARD = gnu11;
				GCC_NO_COMMON_BLOCKS = YES;
				GCC_WARN_64_TO_32_BIT_CONVERSION = YES;
				GCC_WARN_ABOUT_RETURN_TYPE = YES_ERROR;
				GCC_WARN_UNDECLARED_SELECTOR = YES;
				GCC_WARN_UNINITIALIZED_AUTOS = YES_AGGRESSIVE;
				GCC_WARN_UNUSED_FUNCTION = YES;
				GCC_WARN_UNUSED_VARIABLE = YES;
				IPHONEOS_DEPLOYMENT_TARGET = 15.2;
				MTL_ENABLE_DEBUG_INFO = NO;
				MTL_FAST_MATH = YES;
				SDKROOT = iphoneos;
				SWIFT_COMPILATION_MODE = wholemodule;
				SWIFT_OPTIMIZATION_LEVEL = "-O";
				VALIDATE_PRODUCT = YES;
			};
			name = Release;
		};
		7E337AB6281184BE00309F69 /* Debug */ = {
			isa = XCBuildConfiguration;
			baseConfigurationReference = 2E3F86A04251ECA97298544C /* Pods-Easyvisit.debug.xcconfig */;
			buildSettings = {
				ASSETCATALOG_COMPILER_APPICON_NAME = AppIcon;
				ASSETCATALOG_COMPILER_GLOBAL_ACCENT_COLOR_NAME = AccentColor;
				CODE_SIGN_IDENTITY = "Apple Development";
				CODE_SIGN_STYLE = Automatic;
				CURRENT_PROJECT_VERSION = 1;
				DEVELOPMENT_TEAM = S766NNL3LC;
				GENERATE_INFOPLIST_FILE = YES;
				INFOPLIST_FILE = Easyvisit/Info.plist;
				INFOPLIST_KEY_UIApplicationSupportsIndirectInputEvents = YES;
				INFOPLIST_KEY_UILaunchStoryboardName = LaunchScreen;
				INFOPLIST_KEY_UIMainStoryboardFile = Main;
				INFOPLIST_KEY_UISupportedInterfaceOrientations_iPad = "UIInterfaceOrientationPortrait UIInterfaceOrientationPortraitUpsideDown UIInterfaceOrientationLandscapeLeft UIInterfaceOrientationLandscapeRight";
				INFOPLIST_KEY_UISupportedInterfaceOrientations_iPhone = "UIInterfaceOrientationPortrait UIInterfaceOrientationLandscapeLeft UIInterfaceOrientationLandscapeRight";
				IPHONEOS_DEPLOYMENT_TARGET = 15.2;
				LD_RUNPATH_SEARCH_PATHS = (
					"$(inherited)",
					"@executable_path/Frameworks",
				);
				MARKETING_VERSION = 1.0;
				PRODUCT_BUNDLE_IDENTIFIER = hu.Easyvisit;
				PRODUCT_NAME = "$(TARGET_NAME)";
				PROVISIONING_PROFILE_SPECIFIER = "";
				SWIFT_EMIT_LOC_STRINGS = YES;
				SWIFT_VERSION = 5.0;
				TARGETED_DEVICE_FAMILY = "1,2";
			};
			name = Debug;
		};
		7E337AB7281184BE00309F69 /* Release */ = {
			isa = XCBuildConfiguration;
			baseConfigurationReference = 2C3C92B8CD4A2B027C4E60BC /* Pods-Easyvisit.release.xcconfig */;
			buildSettings = {
				ASSETCATALOG_COMPILER_APPICON_NAME = AppIcon;
				ASSETCATALOG_COMPILER_GLOBAL_ACCENT_COLOR_NAME = AccentColor;
				CODE_SIGN_IDENTITY = "Apple Development";
				CODE_SIGN_STYLE = Automatic;
				CURRENT_PROJECT_VERSION = 1;
				DEVELOPMENT_TEAM = S766NNL3LC;
				GENERATE_INFOPLIST_FILE = YES;
				INFOPLIST_FILE = Easyvisit/Info.plist;
				INFOPLIST_KEY_UIApplicationSupportsIndirectInputEvents = YES;
				INFOPLIST_KEY_UILaunchStoryboardName = LaunchScreen;
				INFOPLIST_KEY_UIMainStoryboardFile = Main;
				INFOPLIST_KEY_UISupportedInterfaceOrientations_iPad = "UIInterfaceOrientationPortrait UIInterfaceOrientationPortraitUpsideDown UIInterfaceOrientationLandscapeLeft UIInterfaceOrientationLandscapeRight";
				INFOPLIST_KEY_UISupportedInterfaceOrientations_iPhone = "UIInterfaceOrientationPortrait UIInterfaceOrientationLandscapeLeft UIInterfaceOrientationLandscapeRight";
				IPHONEOS_DEPLOYMENT_TARGET = 15.2;
				LD_RUNPATH_SEARCH_PATHS = (
					"$(inherited)",
					"@executable_path/Frameworks",
				);
				MARKETING_VERSION = 1.0;
				PRODUCT_BUNDLE_IDENTIFIER = hu.Easyvisit;
				PRODUCT_NAME = "$(TARGET_NAME)";
				PROVISIONING_PROFILE_SPECIFIER = "";
				SWIFT_EMIT_LOC_STRINGS = YES;
				SWIFT_VERSION = 5.0;
				TARGETED_DEVICE_FAMILY = "1,2";
			};
			name = Release;
		};
		7E337AB9281184BE00309F69 /* Debug */ = {
			isa = XCBuildConfiguration;
			baseConfigurationReference = 2A65E2BB7B77EDA3EA04C3AA /* Pods-EasyvisitTests.debug.xcconfig */;
			buildSettings = {
				ALWAYS_EMBED_SWIFT_STANDARD_LIBRARIES = YES;
				BUNDLE_LOADER = "$(TEST_HOST)";
				CODE_SIGN_STYLE = Automatic;
				CURRENT_PROJECT_VERSION = 1;
				GENERATE_INFOPLIST_FILE = YES;
				IPHONEOS_DEPLOYMENT_TARGET = 15.0;
				LD_RUNPATH_SEARCH_PATHS = (
					"$(inherited)",
					"@executable_path/Frameworks",
					"@loader_path/Frameworks",
				);
				MARKETING_VERSION = 1.0;
				PRODUCT_BUNDLE_IDENTIFIER = hut.EasyvisitTests;
				PRODUCT_NAME = "$(TARGET_NAME)";
				SWIFT_EMIT_LOC_STRINGS = NO;
				SWIFT_VERSION = 5.0;
				TARGETED_DEVICE_FAMILY = "1,2";
				TEST_HOST = "$(BUILT_PRODUCTS_DIR)/Easyvisit.app/Easyvisit";
			};
			name = Debug;
		};
		7E337ABA281184BE00309F69 /* Release */ = {
			isa = XCBuildConfiguration;
			baseConfigurationReference = 55802D81CE51ECA69158EC94 /* Pods-EasyvisitTests.release.xcconfig */;
			buildSettings = {
				ALWAYS_EMBED_SWIFT_STANDARD_LIBRARIES = YES;
				BUNDLE_LOADER = "$(TEST_HOST)";
				CODE_SIGN_STYLE = Automatic;
				CURRENT_PROJECT_VERSION = 1;
				GENERATE_INFOPLIST_FILE = YES;
				IPHONEOS_DEPLOYMENT_TARGET = 15.0;
				LD_RUNPATH_SEARCH_PATHS = (
					"$(inherited)",
					"@executable_path/Frameworks",
					"@loader_path/Frameworks",
				);
				MARKETING_VERSION = 1.0;
				PRODUCT_BUNDLE_IDENTIFIER = hut.EasyvisitTests;
				PRODUCT_NAME = "$(TARGET_NAME)";
				SWIFT_EMIT_LOC_STRINGS = NO;
				SWIFT_VERSION = 5.0;
				TARGETED_DEVICE_FAMILY = "1,2";
				TEST_HOST = "$(BUILT_PRODUCTS_DIR)/Easyvisit.app/Easyvisit";
			};
			name = Release;
		};
		7E337ABC281184BE00309F69 /* Debug */ = {
			isa = XCBuildConfiguration;
			baseConfigurationReference = 5384D9F229F985BAA9DB7E77 /* Pods-Easyvisit-EasyvisitUITests.debug.xcconfig */;
			buildSettings = {
				ALWAYS_EMBED_SWIFT_STANDARD_LIBRARIES = YES;
				CODE_SIGN_STYLE = Automatic;
				CURRENT_PROJECT_VERSION = 1;
				GENERATE_INFOPLIST_FILE = YES;
				LD_RUNPATH_SEARCH_PATHS = (
					"$(inherited)",
					"@executable_path/Frameworks",
					"@loader_path/Frameworks",
				);
				MARKETING_VERSION = 1.0;
				PRODUCT_BUNDLE_IDENTIFIER = hut.EasyvisitUITests;
				PRODUCT_NAME = "$(TARGET_NAME)";
				SWIFT_EMIT_LOC_STRINGS = NO;
				SWIFT_VERSION = 5.0;
				TARGETED_DEVICE_FAMILY = "1,2";
				TEST_TARGET_NAME = Easyvisit;
			};
			name = Debug;
		};
		7E337ABD281184BE00309F69 /* Release */ = {
			isa = XCBuildConfiguration;
			baseConfigurationReference = E1937457656DF9E6BB178C04 /* Pods-Easyvisit-EasyvisitUITests.release.xcconfig */;
			buildSettings = {
				ALWAYS_EMBED_SWIFT_STANDARD_LIBRARIES = YES;
				CODE_SIGN_STYLE = Automatic;
				CURRENT_PROJECT_VERSION = 1;
				GENERATE_INFOPLIST_FILE = YES;
				LD_RUNPATH_SEARCH_PATHS = (
					"$(inherited)",
					"@executable_path/Frameworks",
					"@loader_path/Frameworks",
				);
				MARKETING_VERSION = 1.0;
				PRODUCT_BUNDLE_IDENTIFIER = hut.EasyvisitUITests;
				PRODUCT_NAME = "$(TARGET_NAME)";
				SWIFT_EMIT_LOC_STRINGS = NO;
				SWIFT_VERSION = 5.0;
				TARGETED_DEVICE_FAMILY = "1,2";
				TEST_TARGET_NAME = Easyvisit;
			};
			name = Release;
		};
/* End XCBuildConfiguration section */

/* Begin XCConfigurationList section */
		7E337A86281184BB00309F69 /* Build configuration list for PBXProject "Easyvisit" */ = {
			isa = XCConfigurationList;
			buildConfigurations = (
				7E337AB3281184BE00309F69 /* Debug */,
				7E337AB4281184BE00309F69 /* Release */,
			);
			defaultConfigurationIsVisible = 0;
			defaultConfigurationName = Release;
		};
		7E337AB5281184BE00309F69 /* Build configuration list for PBXNativeTarget "Easyvisit" */ = {
			isa = XCConfigurationList;
			buildConfigurations = (
				7E337AB6281184BE00309F69 /* Debug */,
				7E337AB7281184BE00309F69 /* Release */,
			);
			defaultConfigurationIsVisible = 0;
			defaultConfigurationName = Release;
		};
		7E337AB8281184BE00309F69 /* Build configuration list for PBXNativeTarget "EasyvisitTests" */ = {
			isa = XCConfigurationList;
			buildConfigurations = (
				7E337AB9281184BE00309F69 /* Debug */,
				7E337ABA281184BE00309F69 /* Release */,
			);
			defaultConfigurationIsVisible = 0;
			defaultConfigurationName = Release;
		};
		7E337ABB281184BE00309F69 /* Build configuration list for PBXNativeTarget "EasyvisitUITests" */ = {
			isa = XCConfigurationList;
			buildConfigurations = (
				7E337ABC281184BE00309F69 /* Debug */,
				7E337ABD281184BE00309F69 /* Release */,
			);
			defaultConfigurationIsVisible = 0;
			defaultConfigurationName = Release;
		};
/* End XCConfigurationList section */
	};
	rootObject = 7E337A83281184BB00309F69 /* Project object */;
}
